
Microsoft Visual Studio Solution File, Format Version 12.00
# Visual Studio 15
VisualStudioVersion = 15.0.28307.852
MinimumVisualStudioVersion = 10.0.40219.1
Project("{FAE04EC0-301F-11D3-BF4B-00C04F79EFBC}") = "qq1", "qq1\qq1.csproj", "{0B7310DA-DDAC-4532-9C4E-42D6A7BEC607}"
EndProject
Project("{FAE04EC0-301F-11D3-BF4B-00C04F79EFBC}") = "qq2", "qq2\qq2.csproj", "{144D0725-1282-4903-AF63-45984D30E6F8}"
EndProject
Project("{FAE04EC0-301F-11D3-BF4B-00C04F79EFBC}") = "qq3", "qq3\qq3.csproj", "{6E6C73FC-DE17-46E9-9882-F0BBE514A599}"
EndProject
Project("{FAE04EC0-301F-11D3-BF4B-00C04F79EFBC}") = "qq4", "qq4\qq4.csproj", "{8D9D42E9-C820-425D-9F98-26B7E7BAC794}"
EndProject
Global
	GlobalSection(SolutionConfigurationPlatforms) = preSolution
		Debug|Any CPU = Debug|Any CPU
		Release|Any CPU = Release|Any CPU
	EndGlobalSection
	GlobalSection(ProjectConfigurationPlatforms) = postSolution
		{0B7310DA-DDAC-4532-9C4E-42D6A7BEC607}.Debug|Any CPU.ActiveCfg = Debug|Any CPU
		{0B7310DA-DDAC-4532-9C4E-42D6A7BEC607}.Debug|Any CPU.Build.0 = Debug|Any CPU
		{0B7310DA-DDAC-4532-9C4E-42D6A7BEC607}.Release|Any CPU.ActiveCfg = Release|Any CPU
		{0B7310DA-DDAC-4532-9C4E-42D6A7BEC607}.Release|Any CPU.Build.0 = Release|Any CPU
		{144D0725-1282-4903-AF63-45984D30E6F8}.Debug|Any CPU.ActiveCfg = Debug|Any CPU
		{144D0725-1282-4903-AF63-45984D30E6F8}.Debug|Any CPU.Build.0 = Debug|Any CPU
		{144D0725-1282-4903-AF63-45984D30E6F8}.Release|Any CPU.ActiveCfg = Release|Any CPU
		{144D0725-1282-4903-AF63-45984D30E6F8}.Release|Any CPU.Build.0 = Release|Any CPU
		{6E6C73FC-DE17-46E9-9882-F0BBE514A599}.Debug|Any CPU.ActiveCfg = Debug|Any CPU
		{6E6C73FC-DE17-46E9-9882-F0BBE514A599}.Debug|Any CPU.Build.0 = Debug|Any CPU
		{6E6C73FC-DE17-46E9-9882-F0BBE514A599}.Release|Any CPU.ActiveCfg = Release|Any CPU
		{6E6C73FC-DE17-46E9-9882-F0BBE514A599}.Release|Any CPU.Build.0 = Release|Any CPU
		{8D9D42E9-C820-425D-9F98-26B7E7BAC794}.Debug|Any CPU.ActiveCfg = Debug|Any CPU
		{8D9D42E9-C820-425D-9F98-26B7E7BAC794}.Debug|Any CPU.Build.0 = Debug|Any CPU
		{8D9D42E9-C820-425D-9F98-26B7E7BAC794}.Release|Any CPU.ActiveCfg = Release|Any CPU
		{8D9D42E9-C820-425D-9F98-26B7E7BAC794}.Release|Any CPU.Build.0 = Release|Any CPU
	EndGlobalSection
	GlobalSection(SolutionProperties) = preSolution
		HideSolutionNode = FALSE
	EndGlobalSection
	GlobalSection(ExtensibilityGlobals) = postSolution
		SolutionGuid = {50EFDED0-D541-4286-A65A-CA781C320510}
	EndGlobalSection
EndGlobal
